[[package]]
name = "cachetools"
version = "5.0.0"
requires_python = "~=3.7"
summary = "Extensible memoizing collections and decorators"

[[package]]
name = "certifi"
version = "2021.10.8"
summary = "Python package for providing Mozilla's CA Bundle."

[[package]]
name = "charset-normalizer"
version = "2.0.12"
requires_python = ">=3.5.0"
summary = "The Real First Universal Charset Detector. Open, modern and actively maintained alternative to Chardet."

[[package]]
name = "google-api-core"
version = "2.7.1"
requires_python = ">=3.6"
summary = "Google API client core library"
dependencies = [
    "google-auth<3.0dev,>=1.25.0",
    "googleapis-common-protos<2.0dev,>=1.52.0",
    "protobuf>=3.12.0",
    "requests<3.0.0dev,>=2.18.0",
]

[[package]]
name = "google-auth"
version = "2.6.2"
requires_python = ">=2.7,!=3.0.*,!=3.1.*,!=3.2.*,!=3.3.*,!=3.4.*,!=3.5.*"
summary = "Google Authentication Library"
dependencies = [
    "cachetools<6.0,>=2.0.0",
    "pyasn1-modules>=0.2.1",
    "rsa<5,>=3.1.4; python_version >= \"3.6\"",
    "six>=1.9.0",
]

[[package]]
name = "google-cloud-core"
version = "2.3.2"
requires_python = ">=3.7"
summary = "Google Cloud API client core library"
dependencies = [
    "google-api-core!=2.0.*,!=2.1.*,!=2.2.*,!=2.3.0,<3.0.0dev,>=1.31.6",
    "google-auth<3.0dev,>=1.25.0",
]

[[package]]
name = "google-cloud-storage"
version = "2.5.0"
requires_python = ">=3.7"
summary = "Google Cloud Storage API client library"
dependencies = [
    "google-api-core!=2.0.*,!=2.1.*,!=2.2.*,!=2.3.0,<3.0.0dev,>=1.31.5",
    "google-auth<3.0dev,>=1.25.0",
    "google-cloud-core<3.0dev,>=2.3.0",
    "google-resumable-media>=2.3.2",
    "requests<3.0.0dev,>=2.18.0",
]

[[package]]
name = "google-crc32c"
version = "1.3.0"
requires_python = ">=3.6"
summary = "A python wrapper of the C library 'Google CRC32C'"

[[package]]
name = "google-resumable-media"
version = "2.3.2"
requires_python = ">= 3.6"
summary = "Utilities for Google Media Downloads and Resumable Uploads"
dependencies = [
    "google-crc32c<2.0dev,>=1.0",
]

[[package]]
name = "googleapis-common-protos"
version = "1.56.0"
requires_python = ">=3.6"
summary = "Common protobufs used in Google APIs"
dependencies = [
    "protobuf>=3.12.0",
]

[[package]]
name = "idna"
version = "3.3"
requires_python = ">=3.5"
summary = "Internationalized Domain Names in Applications (IDNA)"

[[package]]
name = "oauthlib"
version = "3.2.0"
requires_python = ">=3.6"
summary = "A generic, spec-compliant, thorough implementation of the OAuth request-signing logic"

[[package]]
name = "protobuf"
version = "3.20.0"
requires_python = ">=3.7"
summary = "Protocol Buffers"

[[package]]
name = "pyasn1"
version = "0.4.8"
summary = "ASN.1 types and codecs"

[[package]]
name = "pyasn1-modules"
version = "0.2.8"
summary = "A collection of ASN.1-based protocols modules."
dependencies = [
    "pyasn1<0.5.0,>=0.4.6",
]

[[package]]
name = "requests"
version = "2.27.1"
requires_python = ">=2.7, !=3.0.*, !=3.1.*, !=3.2.*, !=3.3.*, !=3.4.*, !=3.5.*"
summary = "Python HTTP for Humans."
dependencies = [
    "certifi>=2017.4.17",
    "charset-normalizer~=2.0.0; python_version >= \"3\"",
    "idna<4,>=2.5; python_version >= \"3\"",
    "urllib3<1.27,>=1.21.1",
]

[[package]]
name = "requests-oauthlib"
version = "1.3.1"
requires_python = ">=2.7, !=3.0.*, !=3.1.*, !=3.2.*, !=3.3.*"
summary = "OAuthlib authentication support for Requests."
dependencies = [
    "oauthlib>=3.0.0",
    "requests>=2.0.0",
]

[[package]]
name = "rsa"
version = "4.8"
requires_python = ">=3.6,<4"
summary = "Pure-Python RSA implementation"
dependencies = [
    "pyasn1>=0.1.3",
]

[[package]]
name = "six"
version = "1.16.0"
requires_python = ">=2.7, !=3.0.*, !=3.1.*, !=3.2.*"
summary = "Python 2 and 3 compatibility utilities"

[[package]]
name = "urllib3"
version = "1.26.9"
requires_python = ">=2.7, !=3.0.*, !=3.1.*, !=3.2.*, !=3.3.*, !=3.4.*, <4"
summary = "HTTP library with thread-safe connection pooling, file post, and more."

[[package]]
name = "whetstone"
version = "0.4.3"
requires_python = ">=3.6.2"
summary = "UNKNOWN"
dependencies = [
    "oauthlib>=3.1.1",
    "requests-oauthlib>=1.3.0",
    "requests>=2.27.1",
]

[metadata]
lock_version = "4.0"
content_hash = "sha256:deb5f15ef6bcdfd970e1113bb0ad00bf6ff9e2f60fb7e4f93da5d7912677bf66"

[metadata.files]
"cachetools 5.0.0" = [
    {url = "https://files.pythonhosted.org/packages/19/99/ace1769546388976b45e93445bb04c6df95e96363f03fbb56f916da5ebde/cachetools-5.0.0-py3-none-any.whl", hash = "sha256:8fecd4203a38af17928be7b90689d8083603073622229ca7077b72d8e5a976e4"},
    {url = "https://files.pythonhosted.org/packages/ad/81/539036a8716b4e0a96f77540194bb1e863a24b8e9bc9ddd74e30f1653df5/cachetools-5.0.0.tar.gz", hash = "sha256:486471dfa8799eb7ec503a8059e263db000cdda20075ce5e48903087f79d5fd6"},
]
"certifi 2021.10.8" = [
    {url = "https://files.pythonhosted.org/packages/37/45/946c02767aabb873146011e665728b680884cd8fe70dde973c640e45b775/certifi-2021.10.8-py2.py3-none-any.whl", hash = "sha256:d62a0163eb4c2344ac042ab2bdf75399a71a2d8c7d47eac2e2ee91b9d6339569"},
    {url = "https://files.pythonhosted.org/packages/6c/ae/d26450834f0acc9e3d1f74508da6df1551ceab6c2ce0766a593362d6d57f/certifi-2021.10.8.tar.gz", hash = "sha256:78884e7c1d4b00ce3cea67b44566851c4343c120abd683433ce934a68ea58872"},
]
"charset-normalizer 2.0.12" = [
    {url = "https://files.pythonhosted.org/packages/06/b3/24afc8868eba069a7f03650ac750a778862dc34941a4bebeb58706715726/charset_normalizer-2.0.12-py3-none-any.whl", hash = "sha256:6881edbebdb17b39b4eaaa821b438bf6eddffb4468cf344f09f89def34a8b1df"},
    {url = "https://files.pythonhosted.org/packages/56/31/7bcaf657fafb3c6db8c787a865434290b726653c912085fbd371e9b92e1c/charset-normalizer-2.0.12.tar.gz", hash = "sha256:2857e29ff0d34db842cd7ca3230549d1a697f96ee6d3fb071cfa6c7393832597"},
]
"google-api-core 2.7.1" = [
    {url = "https://files.pythonhosted.org/packages/3e/3b/2980076219eee0f6d821c023823be371d4814b1d12a8b3d09323949e92de/google_api_core-2.7.1-py3-none-any.whl", hash = "sha256:6be1fc59e2a7ba9f66808bbc22f976f81e4c3e7ab20fa0620ce42686288787d0"},
    {url = "https://files.pythonhosted.org/packages/ca/84/9897af49d91c685674b5d58dfe7ff6c4a0f7c83bd7a64fc429bf6e5c8462/google-api-core-2.7.1.tar.gz", hash = "sha256:b0fa577e512f0c8e063386b974718b8614586a798c5894ed34bedf256d9dae24"},
]
"google-auth 2.6.2" = [
    {url = "https://files.pythonhosted.org/packages/21/6c/e784c6883689fae9d1c5f82d995ddc82c284daa514edd5ba67ea38d88341/google_auth-2.6.2-py2.py3-none-any.whl", hash = "sha256:3ba4d63cb29c1e6d5ffcc1c0623c03cf02ede6240a072f213084749574e691ab"},
    {url = "https://files.pythonhosted.org/packages/61/82/ff343c5917420acf0089d51355d1d693d724ac0be30d099a95e504af9920/google-auth-2.6.2.tar.gz", hash = "sha256:60d449f8142c742db760f4c0be39121bc8d9be855555d784c252deaca1ced3f5"},
]
"google-cloud-core 2.3.2" = [
    {url = "https://files.pythonhosted.org/packages/40/4b/f4cebb92fe965f02f4a9c06f16355cf83a61a2d5db110df9af71191c830a/google-cloud-core-2.3.2.tar.gz", hash = "sha256:b9529ee7047fd8d4bf4a2182de619154240df17fbe60ead399078c1ae152af9a"},
    {url = "https://files.pythonhosted.org/packages/ac/4d/bae84e736080ed465a6b02e9f447c89c60c00fcdade2eb6911fecf3f46aa/google_cloud_core-2.3.2-py2.py3-none-any.whl", hash = "sha256:8417acf6466be2fa85123441696c4badda48db314c607cf1e5d543fa8bdc22fe"},
]
"google-cloud-storage 2.5.0" = [
    {url = "https://files.pythonhosted.org/packages/b3/bf/ae046b7499480a2d84f3385a5abe198122eae338ad224c7f2b6a8a4b48ff/google_cloud_storage-2.5.0-py2.py3-none-any.whl", hash = "sha256:19a26c66c317ce542cea0830b7e787e8dac2588b6bfa4d3fd3b871ba16305ab0"},
    {url = "https://files.pythonhosted.org/packages/e0/58/618be066ba3f38b9cc6c8ce0a4b7356707408b80fd80433cd821a108bae2/google-cloud-storage-2.5.0.tar.gz", hash = "sha256:382f34b91de2212e3c2e7b40ec079d27ee2e3dbbae99b75b1bcd8c63063ce235"},
]
"google-crc32c 1.3.0" = [
    {url = "https://files.pythonhosted.org/packages/07/a2/8bf861ade2de6c0b48e576f68da89dda82087304afc8c392a19e14edc630/google_crc32c-1.3.0-cp36-cp36m-win32.whl", hash = "sha256:779cbf1ce375b96111db98fca913c1f5ec11b1d870e529b1dc7354b2681a8c3a"},
    {url = "https://files.pythonhosted.org/packages/09/c1/f8d67c307406650177d61e09fc0a633bbeeeb77c07151d776fdb59811c77/google_crc32c-1.3.0-cp310-cp310-macosx_10_9_x86_64.whl", hash = "sha256:c9da0a39b53d2fab3e5467329ed50e951eb91386e9d0d5b12daf593973c3b168"},
    {url = "https://files.pythonhosted.org/packages/0b/e5/995af2a718779cc8bc5e8171f55b3be7f32551eaa1e85f51972d88442702/google_crc32c-1.3.0-cp38-cp38-win_amd64.whl", hash = "sha256:58be56ae0529c664cc04a9c76e68bb92b091e0194d6e3c50bea7e0f266f73713"},
    {url = "https://files.pythonhosted.org/packages/13/87/b831bdd4af0889b39f7c9c47ec0d9e05d3fcd5f624e1216681378623d37e/google_crc32c-1.3.0-cp37-cp37m-manylinux_2_12_x86_64.manylinux2010_x86_64.whl", hash = "sha256:05340b60bf05b574159e9bd940152a47d38af3fb43803ffe71f11d704b7696a6"},
    {url = "https://files.pythonhosted.org/packages/1d/d1/99c018547ed73b54edf2c1c31e083ccbc954e9ac0c1b4fe79d5fd7123389/google_crc32c-1.3.0-cp39-cp39-macosx_10_9_x86_64.whl", hash = "sha256:13af315c3a0eec8bb8b8d80b8b128cb3fcd17d7e4edafc39647846345a3f003a"},
    {url = "https://files.pythonhosted.org/packages/26/f6/cca777a3eb8a96e6714785d52d507642c6eb6359e031343e542c5228fd95/google_crc32c-1.3.0-cp37-cp37m-win_amd64.whl", hash = "sha256:bab4aebd525218bab4ee615786c4581952eadc16b1ff031813a2fd51f0cc7b08"},
    {url = "https://files.pythonhosted.org/packages/28/3e/6981d994d6ff0c905bbe1421204c151c7061d7f781a4784668e1c766becf/google_crc32c-1.3.0-cp310-cp310-manylinux_2_12_i686.manylinux2010_i686.whl", hash = "sha256:eb0b14523758e37802f27b7f8cd973f5f3d33be7613952c0df904b68c4842f0e"},
    {url = "https://files.pythonhosted.org/packages/34/6d/193975c408555acef1e666121ad1428274b193312f38edf6e1a2ed5b5e28/google_crc32c-1.3.0-cp39-cp39-manylinux_2_12_i686.manylinux2010_i686.whl", hash = "sha256:6311853aa2bba4064d0c28ca54e7b50c4d48e3de04f6770f6c60ebda1e975267"},
    {url = "https://files.pythonhosted.org/packages/35/1b/892b537a1d06eb6ea6be14021125fa67f9acecfbdcefea6f5f8e0c318652/google_crc32c-1.3.0-cp36-cp36m-win_amd64.whl", hash = "sha256:04e7c220798a72fd0f08242bc8d7a05986b2a08a0573396187fd32c1dcdd58b3"},
    {url = "https://files.pythonhosted.org/packages/37/dc/a8d2c72762c16c7336bbbee878988e0912981a4302ac8ed57f81e0b0abe5/google_crc32c-1.3.0-cp310-cp310-win_amd64.whl", hash = "sha256:c124b8c8779bf2d35d9b721e52d4adb41c9bfbde45e6a3f25f0820caa9aba73f"},
    {url = "https://files.pythonhosted.org/packages/3b/1b/baebec493a3afc182e2fecf35854bf848cbc7f8f0be92cd03a5a815e37b0/google_crc32c-1.3.0-cp39-cp39-win_amd64.whl", hash = "sha256:127f9cc3ac41b6a859bd9dc4321097b1a4f6aa7fdf71b4f9227b9e3ebffb4422"},
    {url = "https://files.pythonhosted.org/packages/43/69/dd162af0d74a6a363689a79f03e50b71a1e844f3ac6e88997a28b6d0bca8/google_crc32c-1.3.0-cp39-cp39-macosx_10_9_universal2.whl", hash = "sha256:96a8918a78d5d64e07c8ea4ed2bc44354e3f93f46a4866a40e8db934e4c0d74b"},
    {url = "https://files.pythonhosted.org/packages/43/94/fe73281ee4f97fac1908b27bf4959f01a233e138bd1d08f0b4d885536211/google_crc32c-1.3.0-cp310-cp310-macosx_10_9_universal2.whl", hash = "sha256:cb6994fff247987c66a8a4e550ef374671c2b82e3c0d2115e689d21e511a652d"},
    {url = "https://files.pythonhosted.org/packages/4d/72/10fb824dc5b719d0e5cd5b073f23e978bd06271ed2097af8843199b891c1/google_crc32c-1.3.0-cp37-cp37m-manylinux_2_12_i686.manylinux2010_i686.whl", hash = "sha256:ca60076c388728d3b6ac3846842474f4250c91efbfe5afa872d3ffd69dd4b318"},
    {url = "https://files.pythonhosted.org/packages/4d/77/61ecefba4629b153a4abbfb3530ea41b9eef97845ac9a8696305d1a1510d/google_crc32c-1.3.0-cp37-cp37m-manylinux_2_17_aarch64.manylinux2014_aarch64.whl", hash = "sha256:318f73f5484b5671f0c7f5f63741ab020a599504ed81d209b5c7129ee4667407"},
    {url = "https://files.pythonhosted.org/packages/56/26/c73a35fb8dc0a4715faac26108d543c0429a6bfced21de6e90615b2d2600/google_crc32c-1.3.0-pp37-pypy37_pp73-macosx_10_9_x86_64.whl", hash = "sha256:fc28e0db232c62ca0c3600884933178f0825c99be4474cdd645e378a10588125"},
    {url = "https://files.pythonhosted.org/packages/5b/82/f2754137e0e5026065c8b2f32baf69767a2d7e574da2a125f7caeb9ddb96/google_crc32c-1.3.0-cp37-cp37m-manylinux_2_5_x86_64.manylinux1_x86_64.whl", hash = "sha256:9f58099ad7affc0754ae42e6d87443299f15d739b0ce03c76f515153a5cda06c"},
    {url = "https://files.pythonhosted.org/packages/5f/fc/e4566d3186480e8e24637b9a722c2a6ae7d199b23f14829c004c2e3b0c4d/google_crc32c-1.3.0-pp37-pypy37_pp73-manylinux_2_12_i686.manylinux2010_i686.whl", hash = "sha256:1926fd8de0acb9d15ee757175ce7242e235482a783cd4ec711cc999fc103c24e"},
    {url = "https://files.pythonhosted.org/packages/66/a0/faa1e2de5665d25934ee0781720b31093ae2634693d801707febe9f3e7bc/google_crc32c-1.3.0-cp39-cp39-win32.whl", hash = "sha256:fbd60c6aaa07c31d7754edbc2334aef50601b7f1ada67a96eb1eb57c7c72378f"},
    {url = "https://files.pythonhosted.org/packages/6d/c8/3ef8cdd21a6758d64c9ce79649d85a83c59b5b550002dade9f945c16eefb/google_crc32c-1.3.0-cp310-cp310-win32.whl", hash = "sha256:3bbce1be3687bbfebe29abdb7631b83e6b25da3f4e1856a1611eb21854b689ea"},
    {url = "https://files.pythonhosted.org/packages/70/f5/0288181f5ea0284e05351d40abef17ea82013f9c47e5e2f5faccc09e2ae2/google_crc32c-1.3.0-cp36-cp36m-manylinux_2_5_x86_64.manylinux1_x86_64.whl", hash = "sha256:a0b9e622c3b2b8d0ce32f77eba617ab0d6768b82836391e4f8f9e2074582bf02"},
    {url = "https://files.pythonhosted.org/packages/7b/96/fafa43f1d7ea9066961153bd4f459c8b024703958cb8a4ff31abfaa5e214/google_crc32c-1.3.0-cp37-cp37m-win32.whl", hash = "sha256:f52a4ad2568314ee713715b1e2d79ab55fab11e8b304fd1462ff5cccf4264b3e"},
    {url = "https://files.pythonhosted.org/packages/85/51/f73132cf7e673314a053db7f805ad6ff9162e96bc2582b616702f13f997f/google_crc32c-1.3.0-cp36-cp36m-manylinux_2_17_aarch64.manylinux2014_aarch64.whl", hash = "sha256:dd7760a88a8d3d705ff562aa93f8445ead54f58fd482e4f9e2bafb7e177375d4"},
    {url = "https://files.pythonhosted.org/packages/9b/50/1003dcde826d64965ab8cebd24c78e50eda84cd0c834102b7b79929da170/google_crc32c-1.3.0-cp38-cp38-manylinux_2_17_aarch64.manylinux2014_aarch64.whl", hash = "sha256:6a4db36f9721fdf391646685ecffa404eb986cbe007a3289499020daf72e88a2"},
    {url = "https://files.pythonhosted.org/packages/9c/15/7e28cc27d879c1808e0de12157782c30202e9142b1eb2beda3248725fd64/google_crc32c-1.3.0-cp36-cp36m-macosx_10_9_x86_64.whl", hash = "sha256:42ae4781333e331a1743445931b08ebdad73e188fd554259e772556fc4937c48"},
    {url = "https://files.pythonhosted.org/packages/ab/d4/277745926b6eeaa265b5ecdefdd0220eda78082324b5f9a9d9ef431e12ac/google_crc32c-1.3.0-cp36-cp36m-manylinux_2_12_x86_64.manylinux2010_x86_64.whl", hash = "sha256:fe31de3002e7b08eb20823b3735b97c86c5926dd0581c7710a680b418a8709d4"},
    {url = "https://files.pythonhosted.org/packages/af/f0/80d52367f33565e2975c2a264ab9692f8e9d78004e475c4a8d1ece565d65/google_crc32c-1.3.0-pp37-pypy37_pp73-win_amd64.whl", hash = "sha256:7f6fe42536d9dcd3e2ffb9d3053f5d05221ae3bbcefbe472bdf2c71c793e3183"},
    {url = "https://files.pythonhosted.org/packages/b5/c5/cc0a0e7c6650ef7a0df924930a7ab5f4d9328f3d63e37e6594e19e292f58/google_crc32c-1.3.0-cp38-cp38-manylinux_2_12_x86_64.manylinux2010_x86_64.whl", hash = "sha256:a7f9cbea4245ee36190f85fe1814e2d7b1e5f2186381b082f5d59f99b7f11328"},
    {url = "https://files.pythonhosted.org/packages/b8/f4/617dd5cda68be2b8490399bef8bf744d05143ab26a26e5897a73416b1c18/google_crc32c-1.3.0-pp37-pypy37_pp73-manylinux_2_12_x86_64.manylinux2010_x86_64.whl", hash = "sha256:5da2c81575cc3ccf05d9830f9e8d3c70954819ca9a63828210498c0774fda1a3"},
    {url = "https://files.pythonhosted.org/packages/bd/f1/ecc6f04d837109b22de4f238f27dc0d79ed031e5e4db19b49c0b4c105dab/google_crc32c-1.3.0-cp38-cp38-macosx_10_9_x86_64.whl", hash = "sha256:fec221a051150eeddfdfcff162e6db92c65ecf46cb0f7bb1bf812a1520ec026b"},
    {url = "https://files.pythonhosted.org/packages/bf/3d/ae97f500b9f17c9cee26904ff24de879de2e741fb42237b914f31b4cb0c9/google_crc32c-1.3.0-cp38-cp38-macosx_10_9_universal2.whl", hash = "sha256:dda4d8a3bb0b50f540f6ff4b6033f3a74e8bf0bd5320b70fab2c03e512a62812"},
    {url = "https://files.pythonhosted.org/packages/ca/a4/02dfadd0071b1c3e3c0b75bb094d3c2d5053448c372f3c0b12188d9de126/google_crc32c-1.3.0-cp38-cp38-win32.whl", hash = "sha256:650e2917660e696041ab3dcd7abac160b4121cd9a484c08406f24c5964099829"},
    {url = "https://files.pythonhosted.org/packages/cb/eb/ccdf6b3a706b92955da122a75400f3759fefd63b8e601b816fc32d056584/google_crc32c-1.3.0-pp37-pypy37_pp73-manylinux_2_17_aarch64.manylinux2014_aarch64.whl", hash = "sha256:891f712ce54e0d631370e1f4997b3f182f3368179198efc30d477c75d1f44942"},
    {url = "https://files.pythonhosted.org/packages/cd/6a/eda7697d1b3b2ce82fbe0596da8072329d3a1959f316a56363d0e5ea3ccb/google_crc32c-1.3.0-cp36-cp36m-manylinux_2_12_i686.manylinux2010_i686.whl", hash = "sha256:ff71073ebf0e42258a42a0b34f2c09ec384977e7f6808999102eedd5b49920e3"},
    {url = "https://files.pythonhosted.org/packages/cf/ae/74640ae7d885a27d9c744b179a77ba340725c29cc5cce99a222273213dd0/google_crc32c-1.3.0-cp38-cp38-manylinux_2_5_x86_64.manylinux1_x86_64.whl", hash = "sha256:12674a4c3b56b706153a358eaa1018c4137a5a04635b92b4652440d3d7386206"},
    {url = "https://files.pythonhosted.org/packages/d4/5e/091abb8900009c10f7abf53cffd5c65038c50e0a58f99494bc15769de902/google_crc32c-1.3.0-cp39-cp39-manylinux_2_17_aarch64.manylinux2014_aarch64.whl", hash = "sha256:d1c1d6236feab51200272d79b3d3e0f12cf2cbb12b208c835b175a21efdb0a73"},
    {url = "https://files.pythonhosted.org/packages/d5/3e/519b8d579ede9f0814d73dac2f80856dca86ee8c024800eb44466cb1dc80/google_crc32c-1.3.0-cp39-cp39-manylinux_2_12_x86_64.manylinux2010_x86_64.whl", hash = "sha256:ed447680ff21c14aaceb6a9f99a5f639f583ccfe4ce1a5e1d48eb41c3d6b3217"},
    {url = "https://files.pythonhosted.org/packages/db/de/477cdcfd3ba2877cdf798f0328ea6aa79b2e632d169f5099d6240c4c4ebf/google-crc32c-1.3.0.tar.gz", hash = "sha256:276de6273eb074a35bc598f8efbc00c7869c5cf2e29c90748fccc8c898c244df"},
    {url = "https://files.pythonhosted.org/packages/dd/a1/9a612adee9b8d617f6650544b958691bb3da8e71f1e8347abe0fe5903429/google_crc32c-1.3.0-cp39-cp39-manylinux_2_5_x86_64.manylinux1_x86_64.whl", hash = "sha256:e0f1ff55dde0ebcfbef027edc21f71c205845585fffe30d4ec4979416613e9b3"},
    {url = "https://files.pythonhosted.org/packages/e3/93/99a4524a2823cb5f5ff035574854c29d15980ad33998de0ae8afbdb83be6/google_crc32c-1.3.0-cp310-cp310-manylinux_2_17_aarch64.manylinux2014_aarch64.whl", hash = "sha256:9c3cf890c3c0ecfe1510a452a165431b5831e24160c5fcf2071f0f85ca5a47cd"},
    {url = "https://files.pythonhosted.org/packages/e4/53/3ae036518b3bf34acdc76e23dd1f82226246fa78abfb17454c5ef9d0fb87/google_crc32c-1.3.0-cp310-cp310-manylinux_2_12_x86_64.manylinux2010_x86_64.whl", hash = "sha256:95c68a4b9b7828ba0428f8f7e3109c5d476ca44996ed9a5f8aac6269296e2d59"},
    {url = "https://files.pythonhosted.org/packages/f7/b6/75e35ea05c736d8aa84083fcce0b04285f6b9be202b13841c0751c0e1bf6/google_crc32c-1.3.0-cp37-cp37m-macosx_10_9_x86_64.whl", hash = "sha256:e7a539b9be7b9c00f11ef16b55486141bc2cdb0c54762f84e3c6fc091917436d"},
    {url = "https://files.pythonhosted.org/packages/f9/78/b5e6105f0011c9c0dfa11bbbaf730f5b1324b64fc9d3c773a18b4e51d2bc/google_crc32c-1.3.0-cp38-cp38-manylinux_2_12_i686.manylinux2010_i686.whl", hash = "sha256:226f2f9b8e128a6ca6a9af9b9e8384f7b53a801907425c9a292553a3a7218ce0"},
]
"google-resumable-media 2.3.2" = [
    {url = "https://files.pythonhosted.org/packages/66/df/ff79e342e3fd974511836ea0cb938f413f74bb123ecf197db718c9149215/google-resumable-media-2.3.2.tar.gz", hash = "sha256:06924e8b1e79f158f0202e7dd151ad75b0ea9d59b997c850f56bdd4a5a361513"},
    {url = "https://files.pythonhosted.org/packages/b5/70/92b07646d384f1de8544b9bee7ecc19ca567c3813e458b7fcc6a4b8168b1/google_resumable_media-2.3.2-py2.py3-none-any.whl", hash = "sha256:3c13f84813861ac8f5b6371254bdd437076bf1f3bac527a9f3fd123a70166f52"},
]
"googleapis-common-protos 1.56.0" = [
    {url = "https://files.pythonhosted.org/packages/bd/f7/3b5b207a008cf5a15d623c96c59c8bc3663d4ac2618e23602a0dc2b99808/googleapis_common_protos-1.56.0-py2.py3-none-any.whl", hash = "sha256:60220c89b8bd5272159bed4929ecdc1243ae1f73437883a499a44a1cbc084086"},
    {url = "https://files.pythonhosted.org/packages/dc/11/52169cc0f9a94ab6eb0873ae441bd8c58e5a757240faef973e04b6503816/googleapis-common-protos-1.56.0.tar.gz", hash = "sha256:4007500795bcfc269d279f0f7d253ae18d6dc1ff5d5a73613ffe452038b1ec5f"},
]
"idna 3.3" = [
    {url = "https://files.pythonhosted.org/packages/04/a2/d918dcd22354d8958fe113e1a3630137e0fc8b44859ade3063982eacd2a4/idna-3.3-py3-none-any.whl", hash = "sha256:84d9dd047ffa80596e0f246e2eab0b391788b0503584e8945f2368256d2735ff"},
    {url = "https://files.pythonhosted.org/packages/62/08/e3fc7c8161090f742f504f40b1bccbfc544d4a4e09eb774bf40aafce5436/idna-3.3.tar.gz", hash = "sha256:9d643ff0a55b762d5cdb124b8eaa99c66322e2157b69160bc32796e824360e6d"},
]
"oauthlib 3.2.0" = [
    {url = "https://files.pythonhosted.org/packages/1d/46/5ee2475e1b46a26ca0fa10d3c1d479577fde6ee289f8c6aa6d7ec33e31fd/oauthlib-3.2.0-py3-none-any.whl", hash = "sha256:6db33440354787f9b7f3a6dbd4febf5d0f93758354060e802f6c06cb493022fe"},
    {url = "https://files.pythonhosted.org/packages/6e/7e/a43cec8b2df28b6494a865324f0ac4be213cb2edcf1e2a717547a93279b0/oauthlib-3.2.0.tar.gz", hash = "sha256:23a8208d75b902797ea29fd31fa80a15ed9dc2c6c16fe73f5d346f83f6fa27a2"},
]
"protobuf 3.20.0" = [
    {url = "https://files.pythonhosted.org/packages/00/8f/62f30b24bdd505ec0de8afc2ecaaa35bde4d544597298e60d368a57ba43a/protobuf-3.20.0-cp37-cp37m-manylinux2014_aarch64.whl", hash = "sha256:542f25a4adf3691a306dcc00bf9a73176554938ec9b98f20f929a044f80acf1b"},
    {url = "https://files.pythonhosted.org/packages/00/f1/6d770f55c63b59d97a5095ddf2bdb5b2dfaf4933511733c55a41d38d6637/protobuf-3.20.0-cp39-cp39-win32.whl", hash = "sha256:32bf4a90c207a0b4e70ca6dd09d43de3cb9898f7d5b69c2e9e3b966a7f342820"},
    {url = "https://files.pythonhosted.org/packages/07/36/998db8bbde6980eff255a2701e16c871a950cbdc298ed9abe302f9301160/protobuf-3.20.0-cp38-cp38-win_amd64.whl", hash = "sha256:1eb13f5a5a59ca4973bcfa2fc8fff644bd39f2109c3f7a60bd5860cb6a49b679"},
    {url = "https://files.pythonhosted.org/packages/07/96/a3cae1ce36af23dc0df53ce36ae4cd0be677d243dbd4f98b9b52f4c91a32/protobuf-3.20.0-cp39-cp39-win_amd64.whl", hash = "sha256:6efe066a7135233f97ce51a1aa007d4fb0be28ef093b4f88dac4ad1b3a2b7b6f"},
    {url = "https://files.pythonhosted.org/packages/08/3c/ec624f51b5258c59c82d9a48a0dde1bf7e889a6403116e9f0c2723ba86af/protobuf-3.20.0-cp38-cp38-manylinux2014_aarch64.whl", hash = "sha256:88c8be0558bdfc35e68c42ae5bf785eb9390d25915d4863bbc7583d23da77074"},
    {url = "https://files.pythonhosted.org/packages/10/fe/280a6ffbe14a1ac458b741591de43a9ae212a3fe088812ad03eb9a4b10ae/protobuf-3.20.0-cp310-cp310-win_amd64.whl", hash = "sha256:a1eebb6eb0653e594cb86cd8e536b9b083373fca9aba761ade6cd412d46fb2ab"},
    {url = "https://files.pythonhosted.org/packages/41/2a/030f4aeef8574fb6e04a3d5aeeec948f9dfafbb553121a44dbc4688cf5ed/protobuf-3.20.0-cp39-cp39-manylinux2014_aarch64.whl", hash = "sha256:8be43a91ab66fe995e85ccdbdd1046d9f0443d59e060c0840319290de25b7d33"},
    {url = "https://files.pythonhosted.org/packages/5c/a6/9a451d69492a695e2300643933590762aa4e5bbef2ae5f08f7d218ea6c3a/protobuf-3.20.0-cp310-cp310-manylinux_2_12_x86_64.manylinux2010_x86_64.whl", hash = "sha256:5b5860b790498f233cdc8d635a17fc08de62e59d4dcd8cdb6c6c0d38a31edf2b"},
    {url = "https://files.pythonhosted.org/packages/6d/3e/40c56d21154a1f3ababb69f675333d7fb70c8293f9ca42ea3e448327fc50/protobuf-3.20.0.tar.gz", hash = "sha256:71b2c3d1cd26ed1ec7c8196834143258b2ad7f444efff26fdc366c6f5e752702"},
    {url = "https://files.pythonhosted.org/packages/75/b6/a49a33779d1309236aded36234bac5560d0f605f75114e4398b30a786735/protobuf-3.20.0-cp310-cp310-manylinux2014_aarch64.whl", hash = "sha256:001c2160c03b6349c04de39cf1a58e342750da3632f6978a1634a3dcca1ec10e"},
    {url = "https://files.pythonhosted.org/packages/78/6f/2b5478f2da9e94e9ac2a455cb8035e04708e3c3fcf2b7925589715a9bf49/protobuf-3.20.0-cp39-cp39-macosx_10_9_x86_64.whl", hash = "sha256:1d24c81c2310f0063b8fc1c20c8ed01f3331be9374b4b5c2de846f69e11e21fb"},
    {url = "https://files.pythonhosted.org/packages/7f/d9/6b9e97c6498a29c5e99badce383a8711c4f0ff586a464851b3f8b06cc66d/protobuf-3.20.0-cp39-cp39-manylinux_2_5_x86_64.manylinux1_x86_64.whl", hash = "sha256:7a53d4035427b9dbfbb397f46642754d294f131e93c661d056366f2a31438263"},
    {url = "https://files.pythonhosted.org/packages/7f/fd/420085e575d6eab3e040247ea7f33ef52871c7f3a8edc5ce84642ab84da3/protobuf-3.20.0-cp36-cp36m-manylinux_2_5_x86_64.manylinux1_x86_64.whl", hash = "sha256:47257d932de14a7b6c4ae1b7dbf592388153ee35ec7cae216b87ae6490ed39a3"},
    {url = "https://files.pythonhosted.org/packages/88/2a/4a0181b7c40fbf6d15c08e1c5cd5790a43032e603ce5e6f4af6cef165d0b/protobuf-3.20.0-cp38-cp38-macosx_10_9_x86_64.whl", hash = "sha256:25d2fcd6eef340082718ec9ad2c58d734429f2b1f7335d989523852f2bba220b"},
    {url = "https://files.pythonhosted.org/packages/88/88/cd55f87e896b82a3aba8e6c0affc077de51f7321cf730622b17ef7b0f69c/protobuf-3.20.0-cp38-cp38-manylinux_2_5_x86_64.manylinux1_x86_64.whl", hash = "sha256:38fd9eb74b852e4ee14b16e9670cd401d147ee3f3ec0d4f7652e0c921d6227f8"},
    {url = "https://files.pythonhosted.org/packages/95/a4/8caa733f533e6e93e656a59c72dcd1e10707ce7ed6b7d536b9e6fe65d1a7/protobuf-3.20.0-cp36-cp36m-macosx_10_9_x86_64.whl", hash = "sha256:bc14037281db66aa60856cd4ce4541a942040686d290e3f3224dd3978f88f554"},
    {url = "https://files.pythonhosted.org/packages/98/aa/29769110822bd8ecb0f29cccffa665f84d0ff6e1b8251fe9f38293986b65/protobuf-3.20.0-cp37-cp37m-win32.whl", hash = "sha256:8d84453422312f8275455d1cb52d850d6a4d7d714b784e41b573c6f5bfc2a029"},
    {url = "https://files.pythonhosted.org/packages/9c/33/ef7e1a21a4428e6e57820db4312a674c0dd1228be5ad57c0a776c425f9d1/protobuf-3.20.0-cp310-cp310-macosx_10_9_universal2.whl", hash = "sha256:9d0f3aca8ca51c8b5e204ab92bd8afdb2a8e3df46bd0ce0bd39065d79aabcaa4"},
    {url = "https://files.pythonhosted.org/packages/a0/c2/1b18ce749a736fb11f8e2c153fb28544415c801455d93d41e60f3e607510/protobuf-3.20.0-cp37-cp37m-win_amd64.whl", hash = "sha256:52bae32a147c375522ce09bd6af4d2949aca32a0415bc62df1456b3ad17c6001"},
    {url = "https://files.pythonhosted.org/packages/ae/80/9eaa62a2afcc5407a6b7d2652c208f073df3a5c83b5bff90bf99553fbcf2/protobuf-3.20.0-py2.py3-none-any.whl", hash = "sha256:4eda68bd9e2a4879385e6b1ea528c976f59cd9728382005cc54c28bcce8db983"},
    {url = "https://files.pythonhosted.org/packages/af/26/cf27940ece6bb8890a67f741eb9da5359b72749f816edf210a28fe01a247/protobuf-3.20.0-cp37-cp37m-manylinux_2_5_x86_64.manylinux1_x86_64.whl", hash = "sha256:fd7133b885e356fa4920ead8289bb45dc6f185a164e99e10279f33732ed5ce15"},
    {url = "https://files.pythonhosted.org/packages/be/f0/2633123b475c9ae6e9be25351c7ba6ca3adc223d73789ca2f6f5e4686723/protobuf-3.20.0-cp37-cp37m-macosx_10_9_x86_64.whl", hash = "sha256:fbcbb068ebe67c4ff6483d2e2aa87079c325f8470b24b098d6bf7d4d21d57a69"},
    {url = "https://files.pythonhosted.org/packages/d2/21/88ee4522d86e3bdce600c791c9386b39ba95f22b6d1bcc29226901ca1d5f/protobuf-3.20.0-cp38-cp38-win32.whl", hash = "sha256:7dcd84dc31ebb35ade755e06d1561d1bd3b85e85dbdbf6278011fc97b22810db"},
    {url = "https://files.pythonhosted.org/packages/e0/e3/6ea01d64c981b81e0f65b68ea3d022aa870f3fd4be6845f4d02c1f64cb86/protobuf-3.20.0-cp310-cp310-win32.whl", hash = "sha256:0b250c60256c8824219352dc2a228a6b49987e5bf94d3ffcf4c46585efcbd499"},
]
"pyasn1 0.4.8" = [
    {url = "https://files.pythonhosted.org/packages/62/1e/a94a8d635fa3ce4cfc7f506003548d0a2447ae76fd5ca53932970fe3053f/pyasn1-0.4.8-py2.py3-none-any.whl", hash = "sha256:39c7e2ec30515947ff4e87fb6f456dfc6e84857d34be479c9d4a4ba4bf46aa5d"},
    {url = "https://files.pythonhosted.org/packages/a4/db/fffec68299e6d7bad3d504147f9094830b704527a7fc098b721d38cc7fa7/pyasn1-0.4.8.tar.gz", hash = "sha256:aef77c9fb94a3ac588e87841208bdec464471d9871bd5050a287cc9a475cd0ba"},
]
"pyasn1-modules 0.2.8" = [
    {url = "https://files.pythonhosted.org/packages/88/87/72eb9ccf8a58021c542de2588a867dbefc7556e14b2866d1e40e9e2b587e/pyasn1-modules-0.2.8.tar.gz", hash = "sha256:905f84c712230b2c592c19470d3ca8d552de726050d1d1716282a1f6146be65e"},
    {url = "https://files.pythonhosted.org/packages/95/de/214830a981892a3e286c3794f41ae67a4495df1108c3da8a9f62159b9a9d/pyasn1_modules-0.2.8-py2.py3-none-any.whl", hash = "sha256:a50b808ffeb97cb3601dd25981f6b016cbb3d31fbf57a8b8a87428e6158d0c74"},
]
"requests 2.27.1" = [
    {url = "https://files.pythonhosted.org/packages/2d/61/08076519c80041bc0ffa1a8af0cbd3bf3e2b62af10435d269a9d0f40564d/requests-2.27.1-py2.py3-none-any.whl", hash = "sha256:f22fa1e554c9ddfd16e6e41ac79759e17be9e492b3587efa038054674760e72d"},
    {url = "https://files.pythonhosted.org/packages/60/f3/26ff3767f099b73e0efa138a9998da67890793bfa475d8278f84a30fec77/requests-2.27.1.tar.gz", hash = "sha256:68d7c56fd5a8999887728ef304a6d12edc7be74f1cfa47714fc8b414525c9a61"},
]
"requests-oauthlib 1.3.1" = [
    {url = "https://files.pythonhosted.org/packages/6f/bb/5deac77a9af870143c684ab46a7934038a53eb4aa975bc0687ed6ca2c610/requests_oauthlib-1.3.1-py2.py3-none-any.whl", hash = "sha256:2577c501a2fb8d05a304c09d090d6e47c306fef15809d102b327cf8364bddab5"},
    {url = "https://files.pythonhosted.org/packages/95/52/531ef197b426646f26b53815a7d2a67cb7a331ef098bb276db26a68ac49f/requests-oauthlib-1.3.1.tar.gz", hash = "sha256:75beac4a47881eeb94d5ea5d6ad31ef88856affe2332b9aafb52c6452ccf0d7a"},
]
"rsa 4.8" = [
    {url = "https://files.pythonhosted.org/packages/30/ab/8fd9e88e6fa5ec41afca995938bbefb72195278e0cfc5bd76a4f29b23fb2/rsa-4.8-py3-none-any.whl", hash = "sha256:95c5d300c4e879ee69708c428ba566c59478fd653cc3a22243eeb8ed846950bb"},
    {url = "https://files.pythonhosted.org/packages/8c/ee/4022542e0fed77dd6ddade38e1e4dea3299f873b7fd4e6d78319953b0f83/rsa-4.8.tar.gz", hash = "sha256:5c6bd9dc7a543b7fe4304a631f8a8a3b674e2bbfc49c2ae96200cdbe55df6b17"},
]
"six 1.16.0" = [
    {url = "https://files.pythonhosted.org/packages/71/39/171f1c67cd00715f190ba0b100d606d440a28c93c7714febeca8b79af85e/six-1.16.0.tar.gz", hash = "sha256:1e61c37477a1626458e36f7b1d82aa5c9b094fa4802892072e49de9c60c4c926"},
    {url = "https://files.pythonhosted.org/packages/d9/5a/e7c31adbe875f2abbb91bd84cf2dc52d792b5a01506781dbcf25c91daf11/six-1.16.0-py2.py3-none-any.whl", hash = "sha256:8abb2f1d86890a2dfb989f9a77cfcfd3e47c2a354b01111771326f8aa26e0254"},
]
"urllib3 1.26.9" = [
    {url = "https://files.pythonhosted.org/packages/1b/a5/4eab74853625505725cefdf168f48661b2cd04e7843ab836f3f63abf81da/urllib3-1.26.9.tar.gz", hash = "sha256:aabaf16477806a5e1dd19aa41f8c2b7950dd3c746362d7e3223dbe6de6ac448e"},
    {url = "https://files.pythonhosted.org/packages/ec/03/062e6444ce4baf1eac17a6a0ebfe36bb1ad05e1df0e20b110de59c278498/urllib3-1.26.9-py2.py3-none-any.whl", hash = "sha256:44ece4d53fb1706f667c9bd1c648f5469a2ec925fcf3a776667042d645472c14"},
]
"whetstone 0.4.3" = [
    {url = "https://files.pythonhosted.org/packages/0f/f5/019c4f1a2e45229631e96d115cad9469b0c9a9ef31f8646dd0df668d2bb9/whetstone-0.4.3.tar.gz", hash = "sha256:3975b046798078f7afbda7b3f1320916136546f8cc6146b46dfbe431b04ff4df"},
    {url = "https://files.pythonhosted.org/packages/6d/7a/1fbd4d571f6d9ab5308a97ad15de99c900084c4a6d83446f35609f7d2126/whetstone-0.4.3-py3-none-any.whl", hash = "sha256:1a04fda0c69c3598d25b770ec6b25239bf8df63ba9b2511acc226d637ecc682a"},
]
